
Microsoft Visual Studio Solution File, Format Version 12.00
# Visual Studio Version 17
VisualStudioVersion = 17.0.31903.59
MinimumVisualStudioVersion = 10.0.40219.1
Project("{2150E333-8FDC-42A3-9474-1A3956D46DE8}") = "src", "src", "{827E0CD3-B72D-47B6-A68D-7590B98EB39B}"
EndProject
Project("{FAE04EC0-301F-11D3-BF4B-00C04F79EFBC}") = "Dotreg.Api", "src\Dotreg.Api\Dotreg.Api.csproj", "{6EB7AA5B-E78F-43F3-9354-64113A9E0B43}"
EndProject
Project("{FAE04EC0-301F-11D3-BF4B-00C04F79EFBC}") = "Dotreg.Core", "src\Dotreg.Core\Dotreg.Core.csproj", "{62A58DEC-2235-4F04-B0A5-11DC9CC5C4DA}"
EndProject
Project("{FAE04EC0-301F-11D3-BF4B-00C04F79EFBC}") = "Dotreg.Storage.S3", "src\Dotreg.Storage.S3\Dotreg.Storage.S3.csproj", "{4F92AD66-3F46-45E2-89F1-38D7F9095527}"
EndProject
Project("{2150E333-8FDC-42A3-9474-1A3956D46DE8}") = "tests", "tests", "{0AB3BF05-4346-4AA6-1389-037BE0695223}"
EndProject
Project("{FAE04EC0-301F-11D3-BF4B-00C04F79EFBC}") = "Dotreg.Api.Tests", "tests\Dotreg.Api.Tests\Dotreg.Api.Tests.csproj", "{0AC90121-3D11-4AC2-9C6D-C48D699C08E4}"
EndProject
Project("{FAE04EC0-301F-11D3-BF4B-00C04F79EFBC}") = "Dotreg.Core.Tests", "tests\Dotreg.Core.Tests\Dotreg.Core.Tests.csproj", "{E26722F6-E09E-46C3-A0C1-B6E5A6F34253}"
EndProject
Project("{FAE04EC0-301F-11D3-BF4B-00C04F79EFBC}") = "Dotreg.Storage.S3.Tests", "tests\Dotreg.Storage.S3.Tests\Dotreg.Storage.S3.Tests.csproj", "{B07FDAF9-2545-49C8-941E-89856E34F018}"
EndProject
Project("{FAE04EC0-301F-11D3-BF4B-00C04F79EFBC}") = "Dotreg.Integration.Tests", "tests\Dotreg.Integration.Tests\Dotreg.Integration.Tests.csproj", "{C5841177-4A7C-47AA-BFC0-B7D04B728BEF}"
EndProject
Global
	GlobalSection(SolutionConfigurationPlatforms) = preSolution
		Debug|Any CPU = Debug|Any CPU
		Debug|x64 = Debug|x64
		Debug|x86 = Debug|x86
		Release|Any CPU = Release|Any CPU
		Release|x64 = Release|x64
		Release|x86 = Release|x86
	EndGlobalSection
	GlobalSection(ProjectConfigurationPlatforms) = postSolution
		{6EB7AA5B-E78F-43F3-9354-64113A9E0B43}.Debug|Any CPU.ActiveCfg = Debug|Any CPU
		{6EB7AA5B-E78F-43F3-9354-64113A9E0B43}.Debug|Any CPU.Build.0 = Debug|Any CPU
		{6EB7AA5B-E78F-43F3-9354-64113A9E0B43}.Debug|x64.ActiveCfg = Debug|Any CPU
		{6EB7AA5B-E78F-43F3-9354-64113A9E0B43}.Debug|x64.Build.0 = Debug|Any CPU
		{6EB7AA5B-E78F-43F3-9354-64113A9E0B43}.Debug|x86.ActiveCfg = Debug|Any CPU
		{6EB7AA5B-E78F-43F3-9354-64113A9E0B43}.Debug|x86.Build.0 = Debug|Any CPU
		{6EB7AA5B-E78F-43F3-9354-64113A9E0B43}.Release|Any CPU.ActiveCfg = Release|Any CPU
		{6EB7AA5B-E78F-43F3-9354-64113A9E0B43}.Release|Any CPU.Build.0 = Release|Any CPU
		{6EB7AA5B-E78F-43F3-9354-64113A9E0B43}.Release|x64.ActiveCfg = Release|Any CPU
		{6EB7AA5B-E78F-43F3-9354-64113A9E0B43}.Release|x64.Build.0 = Release|Any CPU
		{6EB7AA5B-E78F-43F3-9354-64113A9E0B43}.Release|x86.ActiveCfg = Release|Any CPU
		{6EB7AA5B-E78F-43F3-9354-64113A9E0B43}.Release|x86.Build.0 = Release|Any CPU
		{62A58DEC-2235-4F04-B0A5-11DC9CC5C4DA}.Debug|Any CPU.ActiveCfg = Debug|Any CPU
		{62A58DEC-2235-4F04-B0A5-11DC9CC5C4DA}.Debug|Any CPU.Build.0 = Debug|Any CPU
		{62A58DEC-2235-4F04-B0A5-11DC9CC5C4DA}.Debug|x64.ActiveCfg = Debug|Any CPU
		{62A58DEC-2235-4F04-B0A5-11DC9CC5C4DA}.Debug|x64.Build.0 = Debug|Any CPU
		{62A58DEC-2235-4F04-B0A5-11DC9CC5C4DA}.Debug|x86.ActiveCfg = Debug|Any CPU
		{62A58DEC-2235-4F04-B0A5-11DC9CC5C4DA}.Debug|x86.Build.0 = Debug|Any CPU
		{62A58DEC-2235-4F04-B0A5-11DC9CC5C4DA}.Release|Any CPU.ActiveCfg = Release|Any CPU
		{62A58DEC-2235-4F04-B0A5-11DC9CC5C4DA}.Release|Any CPU.Build.0 = Release|Any CPU
		{62A58DEC-2235-4F04-B0A5-11DC9CC5C4DA}.Release|x64.ActiveCfg = Release|Any CPU
		{62A58DEC-2235-4F04-B0A5-11DC9CC5C4DA}.Release|x64.Build.0 = Release|Any CPU
		{62A58DEC-2235-4F04-B0A5-11DC9CC5C4DA}.Release|x86.ActiveCfg = Release|Any CPU
		{62A58DEC-2235-4F04-B0A5-11DC9CC5C4DA}.Release|x86.Build.0 = Release|Any CPU
		{4F92AD66-3F46-45E2-89F1-38D7F9095527}.Debug|Any CPU.ActiveCfg = Debug|Any CPU
		{4F92AD66-3F46-45E2-89F1-38D7F9095527}.Debug|Any CPU.Build.0 = Debug|Any CPU
		{4F92AD66-3F46-45E2-89F1-38D7F9095527}.Debug|x64.ActiveCfg = Debug|Any CPU
		{4F92AD66-3F46-45E2-89F1-38D7F9095527}.Debug|x64.Build.0 = Debug|Any CPU
		{4F92AD66-3F46-45E2-89F1-38D7F9095527}.Debug|x86.ActiveCfg = Debug|Any CPU
		{4F92AD66-3F46-45E2-89F1-38D7F9095527}.Debug|x86.Build.0 = Debug|Any CPU
		{4F92AD66-3F46-45E2-89F1-38D7F9095527}.Release|Any CPU.ActiveCfg = Release|Any CPU
		{4F92AD66-3F46-45E2-89F1-38D7F9095527}.Release|Any CPU.Build.0 = Release|Any CPU
		{4F92AD66-3F46-45E2-89F1-38D7F9095527}.Release|x64.ActiveCfg = Release|Any CPU
		{4F92AD66-3F46-45E2-89F1-38D7F9095527}.Release|x64.Build.0 = Release|Any CPU
		{4F92AD66-3F46-45E2-89F1-38D7F9095527}.Release|x86.ActiveCfg = Release|Any CPU
		{4F92AD66-3F46-45E2-89F1-38D7F9095527}.Release|x86.Build.0 = Release|Any CPU
		{0AC90121-3D11-4AC2-9C6D-C48D699C08E4}.Debug|Any CPU.ActiveCfg = Debug|Any CPU
		{0AC90121-3D11-4AC2-9C6D-C48D699C08E4}.Debug|Any CPU.Build.0 = Debug|Any CPU
		{0AC90121-3D11-4AC2-9C6D-C48D699C08E4}.Debug|x64.ActiveCfg = Debug|Any CPU
		{0AC90121-3D11-4AC2-9C6D-C48D699C08E4}.Debug|x64.Build.0 = Debug|Any CPU
		{0AC90121-3D11-4AC2-9C6D-C48D699C08E4}.Debug|x86.ActiveCfg = Debug|Any CPU
		{0AC90121-3D11-4AC2-9C6D-C48D699C08E4}.Debug|x86.Build.0 = Debug|Any CPU
		{0AC90121-3D11-4AC2-9C6D-C48D699C08E4}.Release|Any CPU.ActiveCfg = Release|Any CPU
		{0AC90121-3D11-4AC2-9C6D-C48D699C08E4}.Release|Any CPU.Build.0 = Release|Any CPU
		{0AC90121-3D11-4AC2-9C6D-C48D699C08E4}.Release|x64.ActiveCfg = Release|Any CPU
		{0AC90121-3D11-4AC2-9C6D-C48D699C08E4}.Release|x64.Build.0 = Release|Any CPU
		{0AC90121-3D11-4AC2-9C6D-C48D699C08E4}.Release|x86.ActiveCfg = Release|Any CPU
		{0AC90121-3D11-4AC2-9C6D-C48D699C08E4}.Release|x86.Build.0 = Release|Any CPU
		{E26722F6-E09E-46C3-A0C1-B6E5A6F34253}.Debug|Any CPU.ActiveCfg = Debug|Any CPU
		{E26722F6-E09E-46C3-A0C1-B6E5A6F34253}.Debug|Any CPU.Build.0 = Debug|Any CPU
		{E26722F6-E09E-46C3-A0C1-B6E5A6F34253}.Debug|x64.ActiveCfg = Debug|Any CPU
		{E26722F6-E09E-46C3-A0C1-B6E5A6F34253}.Debug|x64.Build.0 = Debug|Any CPU
		{E26722F6-E09E-46C3-A0C1-B6E5A6F34253}.Debug|x86.ActiveCfg = Debug|Any CPU
		{E26722F6-E09E-46C3-A0C1-B6E5A6F34253}.Debug|x86.Build.0 = Debug|Any CPU
		{E26722F6-E09E-46C3-A0C1-B6E5A6F34253}.Release|Any CPU.ActiveCfg = Release|Any CPU
		{E26722F6-E09E-46C3-A0C1-B6E5A6F34253}.Release|Any CPU.Build.0 = Release|Any CPU
		{E26722F6-E09E-46C3-A0C1-B6E5A6F34253}.Release|x64.ActiveCfg = Release|Any CPU
		{E26722F6-E09E-46C3-A0C1-B6E5A6F34253}.Release|x64.Build.0 = Release|Any CPU
		{E26722F6-E09E-46C3-A0C1-B6E5A6F34253}.Release|x86.ActiveCfg = Release|Any CPU
		{E26722F6-E09E-46C3-A0C1-B6E5A6F34253}.Release|x86.Build.0 = Release|Any CPU
		{B07FDAF9-2545-49C8-941E-89856E34F018}.Debug|Any CPU.ActiveCfg = Debug|Any CPU
		{B07FDAF9-2545-49C8-941E-89856E34F018}.Debug|Any CPU.Build.0 = Debug|Any CPU
		{B07FDAF9-2545-49C8-941E-89856E34F018}.Debug|x64.ActiveCfg = Debug|Any CPU
		{B07FDAF9-2545-49C8-941E-89856E34F018}.Debug|x64.Build.0 = Debug|Any CPU
		{B07FDAF9-2545-49C8-941E-89856E34F018}.Debug|x86.ActiveCfg = Debug|Any CPU
		{B07FDAF9-2545-49C8-941E-89856E34F018}.Debug|x86.Build.0 = Debug|Any CPU
		{B07FDAF9-2545-49C8-941E-89856E34F018}.Release|Any CPU.ActiveCfg = Release|Any CPU
		{B07FDAF9-2545-49C8-941E-89856E34F018}.Release|Any CPU.Build.0 = Release|Any CPU
		{B07FDAF9-2545-49C8-941E-89856E34F018}.Release|x64.ActiveCfg = Release|Any CPU
		{B07FDAF9-2545-49C8-941E-89856E34F018}.Release|x64.Build.0 = Release|Any CPU
		{B07FDAF9-2545-49C8-941E-89856E34F018}.Release|x86.ActiveCfg = Release|Any CPU
		{B07FDAF9-2545-49C8-941E-89856E34F018}.Release|x86.Build.0 = Release|Any CPU
		{C5841177-4A7C-47AA-BFC0-B7D04B728BEF}.Debug|Any CPU.ActiveCfg = Debug|Any CPU
		{C5841177-4A7C-47AA-BFC0-B7D04B728BEF}.Debug|Any CPU.Build.0 = Debug|Any CPU
		{C5841177-4A7C-47AA-BFC0-B7D04B728BEF}.Debug|x64.ActiveCfg = Debug|Any CPU
		{C5841177-4A7C-47AA-BFC0-B7D04B728BEF}.Debug|x64.Build.0 = Debug|Any CPU
		{C5841177-4A7C-47AA-BFC0-B7D04B728BEF}.Debug|x86.ActiveCfg = Debug|Any CPU
		{C5841177-4A7C-47AA-BFC0-B7D04B728BEF}.Debug|x86.Build.0 = Debug|Any CPU
		{C5841177-4A7C-47AA-BFC0-B7D04B728BEF}.Release|Any CPU.ActiveCfg = Release|Any CPU
		{C5841177-4A7C-47AA-BFC0-B7D04B728BEF}.Release|Any CPU.Build.0 = Release|Any CPU
		{C5841177-4A7C-47AA-BFC0-B7D04B728BEF}.Release|x64.ActiveCfg = Release|Any CPU
		{C5841177-4A7C-47AA-BFC0-B7D04B728BEF}.Release|x64.Build.0 = Release|Any CPU
		{C5841177-4A7C-47AA-BFC0-B7D04B728BEF}.Release|x86.ActiveCfg = Release|Any CPU
		{C5841177-4A7C-47AA-BFC0-B7D04B728BEF}.Release|x86.Build.0 = Release|Any CPU
	EndGlobalSection
	GlobalSection(SolutionProperties) = preSolution
		HideSolutionNode = FALSE
	EndGlobalSection
	GlobalSection(NestedProjects) = preSolution
		{6EB7AA5B-E78F-43F3-9354-64113A9E0B43} = {827E0CD3-B72D-47B6-A68D-7590B98EB39B}
		{62A58DEC-2235-4F04-B0A5-11DC9CC5C4DA} = {827E0CD3-B72D-47B6-A68D-7590B98EB39B}
		{4F92AD66-3F46-45E2-89F1-38D7F9095527} = {827E0CD3-B72D-47B6-A68D-7590B98EB39B}
		{0AC90121-3D11-4AC2-9C6D-C48D699C08E4} = {0AB3BF05-4346-4AA6-1389-037BE0695223}
		{E26722F6-E09E-46C3-A0C1-B6E5A6F34253} = {0AB3BF05-4346-4AA6-1389-037BE0695223}
		{B07FDAF9-2545-49C8-941E-89856E34F018} = {0AB3BF05-4346-4AA6-1389-037BE0695223}
		{C5841177-4A7C-47AA-BFC0-B7D04B728BEF} = {0AB3BF05-4346-4AA6-1389-037BE0695223}
	EndGlobalSection
EndGlobal
